
Microsoft Visual Studio Solution File, Format Version 12.00
# Visual Studio Version 17
VisualStudioVersion = 17.7.34031.279
MinimumVisualStudioVersion = 10.0.40219.1
Project("{FAE04EC0-301F-11D3-BF4B-00C04F79EFBC}") = "Логирование", "Логирование\Логирование.csproj", "{BD53D33E-6731-4970-9A8B-D36C5FF6DF4A}"
EndProject
Global
	GlobalSection(SolutionConfigurationPlatforms) = preSolution
		Debug|Any CPU = Debug|Any CPU
		Release|Any CPU = Release|Any CPU
	EndGlobalSection
	GlobalSection(ProjectConfigurationPlatforms) = postSolution
		{BD53D33E-6731-4970-9A8B-D36C5FF6DF4A}.Debug|Any CPU.ActiveCfg = Debug|Any CPU
		{BD53D33E-6731-4970-9A8B-D36C5FF6DF4A}.Debug|Any CPU.Build.0 = Debug|Any CPU
		{BD53D33E-6731-4970-9A8B-D36C5FF6DF4A}.Release|Any CPU.ActiveCfg = Release|Any CPU
		{BD53D33E-6731-4970-9A8B-D36C5FF6DF4A}.Release|Any CPU.Build.0 = Release|Any CPU
	EndGlobalSection
	GlobalSection(SolutionProperties) = preSolution
		HideSolutionNode = FALSE
	EndGlobalSection
	GlobalSection(ExtensibilityGlobals) = postSolution
		SolutionGuid = {34197159-6782-4996-8978-3F50C986483F}
	EndGlobalSection
EndGlobal
